
Microsoft Visual Studio Solution File, Format Version 12.00
# Visual Studio Version 17
VisualStudioVersion = 17.10.35027.167
MinimumVisualStudioVersion = 10.0.40219.1
Project("{FAE04EC0-301F-11D3-BF4B-00C04F79EFBC}") = "Server", "Server\Server.csproj", "{EFA2F0C4-1E40-4119-BF0D-1B0B1535CDDA}"
EndProject
Global
	GlobalSection(SolutionConfigurationPlatforms) = preSolution
		Debug|Any CPU = Debug|Any CPU
		Release|Any CPU = Release|Any CPU
	EndGlobalSection
	GlobalSection(ProjectConfigurationPlatforms) = postSolution
		{EFA2F0C4-1E40-4119-BF0D-1B0B1535CDDA}.Debug|Any CPU.ActiveCfg = Debug|Any CPU
		{EFA2F0C4-1E40-4119-BF0D-1B0B1535CDDA}.Debug|Any CPU.Build.0 = Debug|Any CPU
		{EFA2F0C4-1E40-4119-BF0D-1B0B1535CDDA}.Release|Any CPU.ActiveCfg = Release|Any CPU
		{EFA2F0C4-1E40-4119-BF0D-1B0B1535CDDA}.Release|Any CPU.Build.0 = Release|Any CPU
	EndGlobalSection
	GlobalSection(SolutionProperties) = preSolution
		HideSolutionNode = FALSE
	EndGlobalSection
	GlobalSection(ExtensibilityGlobals) = postSolution
		SolutionGuid = {C7C08EC1-1058-4C0B-A3C4-9DF536BCACF7}
	EndGlobalSection
EndGlobal
